<?xml version="1.0" encoding="utf-8"?>
<Project ToolsVersion="4.0" xmlns="http://schemas.microsoft.com/developer/msbuild/2003">
  <ItemGroup>
    <Filter Include="Source Files">
      <UniqueIdentifier>{4FC737F1-C7A5-4376-A066-2A32D752A2FF}</UniqueIdentifier>
      <Extensions>cpp;cxx;c;def</Extensions>
    </Filter>
    <Filter Include="Header Files">
      <UniqueIdentifier>{93995380-89BD-4b04-88EB-625FBE52EBFB}</UniqueIdentifier>
      <Extensions>h</Extensions>
    </Filter>
    <Filter Include="Form Files">
      <UniqueIdentifier>{99349809-55BA-4b9d-BF79-8FDBB0286EB3}</UniqueIdentifier>
      <Extensions>ui</Extensions>
    </Filter>
    <Filter Include="Resource Files">
      <UniqueIdentifier>{D9D6E242-F8AF-46E4-B9FD-80ECBC20BA3E}</UniqueIdentifier>
      <Extensions>qrc;*</Extensions>
      <ParseFiles>false</ParseFiles>
    </Filter>
    <Filter Include="Generated Files">
      <UniqueIdentifier>{71ED8ED8-ACB9-4CE9-BBE1-E00B30144E11}</UniqueIdentifier>
      <Extensions>moc;h;cpp</Extensions>
      <SourceControlFiles>False</SourceControlFiles>
    </Filter>
    <Filter Include="Generated Files\Debug">
      <UniqueIdentifier>{cee19250-5202-4605-9c78-57564417266c}</UniqueIdentifier>
      <Extensions>cpp;moc</Extensions>
      <SourceControlFiles>False</SourceControlFiles>
    </Filter>
    <Filter Include="Generated Files\Release">
      <UniqueIdentifier>{8da20d56-d464-4018-80b1-9c0061738c9a}</UniqueIdentifier>
      <Extensions>cpp;moc</Extensions>
      <SourceControlFiles>False</SourceControlFiles>
    </Filter>
  </ItemGroup>
  <ItemGroup>
    <ClCompile Include="main.cpp">
      <Filter>Source Files</Filter>
    </ClCompile>
    <ClCompile Include="shader_editor.cpp">
      <Filter>Source Files</Filter>
    </ClCompile>
    <ClCompile Include="GeneratedFiles\Debug\moc_shader_editor.cpp">
      <Filter>Generated Files\Debug</Filter>
    </ClCompile>
    <ClCompile Include="GeneratedFiles\Release\moc_shader_editor.cpp">
      <Filter>Generated Files\Release</Filter>
    </ClCompile>
    <ClCompile Include="GeneratedFiles\qrc_shader_editor.cpp">
      <Filter>Generated Files</Filter>
    </ClCompile>
    <ClCompile Include="display_viewer.cpp">
      <Filter>Source Files</Filter>
    </ClCompile>
    <ClCompile Include="GeneratedFiles\Debug\moc_display_viewer.cpp">
      <Filter>Generated Files\Debug</Filter>
    </ClCompile>
    <ClCompile Include="GeneratedFiles\Release\moc_display_viewer.cpp">
      <Filter>Generated Files\Release</Filter>
    </ClCompile>
    <ClCompile Include="osgNodeTreeItem.cpp">
      <Filter>Source Files</Filter>
    </ClCompile>
    <ClCompile Include="shader_editor_load_example.cpp">
      <Filter>Source Files</Filter>
    </ClCompile>
    <ClCompile Include="SceneGraphWidget.cpp">
      <Filter>Source Files</Filter>
    </ClCompile>
    <ClCompile Include="shader_editor_UniformManipulators.cpp">
      <Filter>Source Files</Filter>
    </ClCompile>
    <ClCompile Include="GeneratedFiles\Debug\moc_SceneGraphWidget.cpp">
      <Filter>Generated Files\Debug</Filter>
    </ClCompile>
    <ClCompile Include="GeneratedFiles\Release\moc_SceneGraphWidget.cpp">
      <Filter>Generated Files\Release</Filter>
    </ClCompile>
    <ClCompile Include="shader_editor_Attributes.cpp">
      <Filter>Source Files</Filter>
    </ClCompile>
    <ClCompile Include="osgUniversalTableWidget.cpp">
      <Filter>Source Files</Filter>
    </ClCompile>
    <ClCompile Include="shader_editor_perf.cpp">
      <Filter>Source Files</Filter>
    </ClCompile>
    <ClCompile Include="shader_editor_shaderTab.cpp">
      <Filter>Source Files</Filter>
    </ClCompile>
    <ClCompile Include="shaderTab.cpp">
      <Filter>Source Files</Filter>
    </ClCompile>
    <ClCompile Include="GeneratedFiles\Debug\moc_shaderTab.cpp">
      <Filter>Generated Files\Debug</Filter>
    </ClCompile>
    <ClCompile Include="GeneratedFiles\Release\moc_shaderTab.cpp">
      <Filter>Generated Files\Release</Filter>
    </ClCompile>
    <ClCompile Include="SceneTreeManager.cpp">
      <Filter>Source Files</Filter>
    </ClCompile>
    <ClCompile Include="GeneratedFiles\Debug\moc_SceneTreeManager.cpp">
      <Filter>Generated Files\Debug</Filter>
    </ClCompile>
    <ClCompile Include="GeneratedFiles\Release\moc_SceneTreeManager.cpp">
      <Filter>Generated Files\Release</Filter>
    </ClCompile>
    <ClCompile Include="Skybox.cpp">
      <Filter>Source Files</Filter>
    </ClCompile>
    <ClCompile Include="osgProgramWrapper.cpp">
      <Filter>Source Files</Filter>
    </ClCompile>
    <ClCompile Include="StateAttributeManager.cpp">
      <Filter>Source Files</Filter>
    </ClCompile>
    <ClCompile Include="GeneratedFiles\Debug\moc_StateAttributeManager.cpp">
      <Filter>Generated Files\Debug</Filter>
    </ClCompile>
    <ClCompile Include="GeneratedFiles\Release\moc_StateAttributeManager.cpp">
      <Filter>Generated Files\Release</Filter>
    </ClCompile>
    <ClCompile Include="logger.cpp">
      <Filter>Source Files</Filter>
    </ClCompile>
    <ClCompile Include="performance_analyzer.cpp">
      <Filter>Source Files</Filter>
    </ClCompile>
    <ClCompile Include="example_tessellated_ball.cpp">
      <Filter>Source Files</Filter>
    </ClCompile>
    <ClCompile Include="example_variable_tessellation.cpp">
      <Filter>Source Files</Filter>
    </ClCompile>
    <ClCompile Include="example_stone_floor.cpp">
      <Filter>Source Files</Filter>
    </ClCompile>
    <ClCompile Include="test_repeater.cpp">
      <Filter>Source Files</Filter>
    </ClCompile>
    <ClCompile Include="GeneratedFiles\Debug\moc_test_repeater.cpp">
      <Filter>Generated Files\Debug</Filter>
    </ClCompile>
    <ClCompile Include="GeneratedFiles\Release\moc_test_repeater.cpp">
      <Filter>Generated Files\Release</Filter>
    </ClCompile>
    <ClCompile Include="example_asteroid_basic.cpp">
      <Filter>Source Files</Filter>
    </ClCompile>
    <ClCompile Include="largeSpaceScene.cpp">
      <Filter>Source Files</Filter>
    </ClCompile>
    <ClCompile Include="asteroid_examples.cpp">
      <Filter>Source Files</Filter>
    </ClCompile>
    <ClCompile Include="cobblestone_examples.cpp">
      <Filter>Source Files</Filter>
    </ClCompile>
    <ClCompile Include="miscellaneous_examples.cpp">
      <Filter>Source Files</Filter>
    </ClCompile>
    <ClCompile Include="TessellationLOD.cpp">
      <Filter>Source Files</Filter>
    </ClCompile>
    <ClCompile Include="performance_examples.cpp">
      <Filter>Source Files</Filter>
    </ClCompile>
  </ItemGroup>
  <ItemGroup>
    <CustomBuild Include="shader_editor.h">
      <Filter>Header Files</Filter>
    </CustomBuild>
    <CustomBuild Include="shader_editor.ui">
      <Filter>Form Files</Filter>
    </CustomBuild>
    <CustomBuild Include="shader_editor.qrc">
      <Filter>Resource Files</Filter>
    </CustomBuild>
    <CustomBuild Include="display_viewer.h">
      <Filter>Header Files</Filter>
    </CustomBuild>
    <CustomBuild Include="SceneGraphWidget.h">
      <Filter>Header Files</Filter>
    </CustomBuild>
    <CustomBuild Include="create_uniform.ui">
      <Filter>Form Files</Filter>
    </CustomBuild>
    <CustomBuild Include="shaderTab.h">
      <Filter>Header Files</Filter>
    </CustomBuild>
    <CustomBuild Include="SceneTreeManager.h">
      <Filter>Header Files</Filter>
    </CustomBuild>
    <CustomBuild Include="SceneTreeModWidget.ui">
      <Filter>Form Files</Filter>
    </CustomBuild>
    <CustomBuild Include="geode_convert_form.ui">
      <Filter>Form Files</Filter>
    </CustomBuild>
    <CustomBuild Include="StateAttributeManager.h">
      <Filter>Header Files</Filter>
    </CustomBuild>
    <CustomBuild Include="test_repeater.h">
      <Filter>Header Files</Filter>
    </CustomBuild>
  </ItemGroup>
  <ItemGroup>
    <ClInclude Include="GeneratedFiles\ui_shader_editor.h">
      <Filter>Generated Files</Filter>
    </ClInclude>
    <ClInclude Include="osgNodeTreeItem.h">
      <Filter>Header Files</Filter>
    </ClInclude>
    <ClInclude Include="osgUniversalTableWidget.h">
      <Filter>Header Files</Filter>
    </ClInclude>
    <ClInclude Include="GeneratedFiles\ui_create_uniform.h">
      <Filter>Generated Files</Filter>
    </ClInclude>
    <ClInclude Include="large_flat_geometry.h">
      <Filter>Header Files</Filter>
    </ClInclude>
    <ClInclude Include="perf_display_organizer.h">
      <Filter>Header Files</Filter>
    </ClInclude>
    <ClInclude Include="piece_of_stone.h">
      <Filter>Header Files</Filter>
    </ClInclude>
    <ClInclude Include="GeneratedFiles\ui_SceneTreeModWidget.h">
      <Filter>Generated Files</Filter>
    </ClInclude>
    <ClInclude Include="Skybox.h">
      <Filter>Header Files</Filter>
    </ClInclude>
    <ClInclude Include="osgProgramWrapper.h">
      <Filter>Header Files</Filter>
    </ClInclude>
    <ClInclude Include="GeneratedFiles\ui_geode_convert_form.h">
      <Filter>Generated Files</Filter>
    </ClInclude>
    <ClInclude Include="nodeVisitor_Textures.h">
      <Filter>Header Files</Filter>
    </ClInclude>
    <ClInclude Include="logger.h">
      <Filter>Header Files</Filter>
    </ClInclude>
    <ClInclude Include="performance_analyzer.h">
      <Filter>Header Files</Filter>
    </ClInclude>
    <ClInclude Include="largeSpaceScene.h">
      <Filter>Header Files</Filter>
    </ClInclude>
    <ClInclude Include="asteroid_examples.h">
      <Filter>Header Files</Filter>
    </ClInclude>
    <ClInclude Include="blender_vertex_struct.h">
      <Filter>Header Files</Filter>
    </ClInclude>
    <ClInclude Include="meteor_reduced_better_uv.h">
      <Filter>Header Files</Filter>
    </ClInclude>
    <ClInclude Include="meteor_reduced_better_uv_backup_2.h">
      <Filter>Header Files</Filter>
    </ClInclude>
    <ClInclude Include="cobblestone_examples.h">
      <Filter>Header Files</Filter>
    </ClInclude>
    <ClInclude Include="miscellaneous_examples.h">
      <Filter>Header Files</Filter>
    </ClInclude>
    <ClInclude Include="TessellationLOD.h">
      <Filter>Header Files</Filter>
    </ClInclude>
    <ClInclude Include="performance_examples.h">
      <Filter>Header Files</Filter>
    </ClInclude>
  </ItemGroup>
</Project>